
Microsoft Visual Studio Solution File, Format Version 12.00
# Visual Studio Version 17
VisualStudioVersion = 17.6.33829.357
MinimumVisualStudioVersion = 10.0.40219.1
Project("{FAE04EC0-301F-11D3-BF4B-00C04F79EFBC}") = "WPFStampante", "WPFStampante.csproj", "{5B82FCA8-643C-4B0D-BF9A-AE8212B81AAE}"
EndProject
Global
	GlobalSection(SolutionConfigurationPlatforms) = preSolution
		Debug|Any CPU = Debug|Any CPU
		Release|Any CPU = Release|Any CPU
	EndGlobalSection
	GlobalSection(ProjectConfigurationPlatforms) = postSolution
		{5B82FCA8-643C-4B0D-BF9A-AE8212B81AAE}.Debug|Any CPU.ActiveCfg = Debug|Any CPU
		{5B82FCA8-643C-4B0D-BF9A-AE8212B81AAE}.Debug|Any CPU.Build.0 = Debug|Any CPU
		{5B82FCA8-643C-4B0D-BF9A-AE8212B81AAE}.Release|Any CPU.ActiveCfg = Release|Any CPU
		{5B82FCA8-643C-4B0D-BF9A-AE8212B81AAE}.Release|Any CPU.Build.0 = Release|Any CPU
	EndGlobalSection
	GlobalSection(SolutionProperties) = preSolution
		HideSolutionNode = FALSE
	EndGlobalSection
	GlobalSection(ExtensibilityGlobals) = postSolution
		SolutionGuid = {B4FDB09E-499E-46A8-9C08-52D33684F484}
	EndGlobalSection
EndGlobal
